# This file is automatically @generated by Wally.
# It is not intended for manual editing.
registry = "test"

[[package]]
name = "nightcycle/fetchu"
version = "1.0.1"
dependencies = []

[[package]]
name = "nightcycle/maid"
version = "1.1.4"
dependencies = []

[[package]]
name = "nightcycle/midas"
version = "2.0.0"
dependencies = [["Fetchu", "nightcycle/fetchu@1.0.1"], ["Maid", "nightcycle/maid@1.1.4"], ["NetworkUtil", "nightcycle/network-util@1.7.0"], ["ServiceProxy", "nightcycle/service-proxy@1.0.0"], ["Signal", "nightcycle/signal@1.0.2"], ["TableUtil", "nightcycle/table-util@1.1.0"]]

[[package]]
name = "nightcycle/network-util"
version = "1.7.0"
dependencies = [["Maid", "nightcycle/maid@1.1.4"], ["Signal", "nightcycle/signal@1.0.2"]]

[[package]]
name = "nightcycle/service-proxy"
version = "1.0.0"
dependencies = []

[[package]]
name = "nightcycle/signal"
version = "1.0.2"
dependencies = []

[[package]]
name = "nightcycle/table-util"
version = "1.1.0"
dependencies = []
